
Microsoft Visual Studio Solution File, Format Version 12.00
# Visual Studio Version 16
VisualStudioVersion = 16.0.34407.143
MinimumVisualStudioVersion = 10.0.40219.1
Project("{FAE04EC0-301F-11D3-BF4B-00C04F79EFBC}") = "Dizi Uygulamarı Form Tasarımı", "Dizi Uygulamarı Form Tasarımı\Dizi Uygulamarı Form Tasarımı.csproj", "{D8204D77-20A5-494E-A517-285288F20A0A}"
EndProject
Global
	GlobalSection(SolutionConfigurationPlatforms) = preSolution
		Debug|Any CPU = Debug|Any CPU
		Release|Any CPU = Release|Any CPU
	EndGlobalSection
	GlobalSection(ProjectConfigurationPlatforms) = postSolution
		{D8204D77-20A5-494E-A517-285288F20A0A}.Debug|Any CPU.ActiveCfg = Debug|Any CPU
		{D8204D77-20A5-494E-A517-285288F20A0A}.Debug|Any CPU.Build.0 = Debug|Any CPU
		{D8204D77-20A5-494E-A517-285288F20A0A}.Release|Any CPU.ActiveCfg = Release|Any CPU
		{D8204D77-20A5-494E-A517-285288F20A0A}.Release|Any CPU.Build.0 = Release|Any CPU
	EndGlobalSection
	GlobalSection(SolutionProperties) = preSolution
		HideSolutionNode = FALSE
	EndGlobalSection
	GlobalSection(ExtensibilityGlobals) = postSolution
		SolutionGuid = {AF933007-74ED-419E-BADA-C21777597626}
	EndGlobalSection
EndGlobal
