
Microsoft Visual Studio Solution File, Format Version 12.00
# Visual Studio Version 16
VisualStudioVersion = 16.0.34407.143
MinimumVisualStudioVersion = 10.0.40219.1
Project("{FAE04EC0-301F-11D3-BF4B-00C04F79EFBC}") = "DiziOrnek1", "DiziOrnek1\DiziOrnek1.csproj", "{B8F6832F-1BE1-4DA6-A254-82C7F04A69D6}"
EndProject
Global
	GlobalSection(SolutionConfigurationPlatforms) = preSolution
		Debug|Any CPU = Debug|Any CPU
		Release|Any CPU = Release|Any CPU
	EndGlobalSection
	GlobalSection(ProjectConfigurationPlatforms) = postSolution
		{B8F6832F-1BE1-4DA6-A254-82C7F04A69D6}.Debug|Any CPU.ActiveCfg = Debug|Any CPU
		{B8F6832F-1BE1-4DA6-A254-82C7F04A69D6}.Debug|Any CPU.Build.0 = Debug|Any CPU
		{B8F6832F-1BE1-4DA6-A254-82C7F04A69D6}.Release|Any CPU.ActiveCfg = Release|Any CPU
		{B8F6832F-1BE1-4DA6-A254-82C7F04A69D6}.Release|Any CPU.Build.0 = Release|Any CPU
	EndGlobalSection
	GlobalSection(SolutionProperties) = preSolution
		HideSolutionNode = FALSE
	EndGlobalSection
	GlobalSection(ExtensibilityGlobals) = postSolution
		SolutionGuid = {27A7D716-574D-4E26-AC8B-2328D5692B31}
	EndGlobalSection
EndGlobal
