
Microsoft Visual Studio Solution File, Format Version 12.00
# Visual Studio Version 16
VisualStudioVersion = 16.0.34407.143
MinimumVisualStudioVersion = 10.0.40219.1
Project("{FAE04EC0-301F-11D3-BF4B-00C04F79EFBC}") = "HASHTABLEUYG", "HASHTABLEUYG\HASHTABLEUYG.csproj", "{50DCF6D6-EB59-4060-96B0-A0ABB3FD3BC6}"
EndProject
Global
	GlobalSection(SolutionConfigurationPlatforms) = preSolution
		Debug|Any CPU = Debug|Any CPU
		Release|Any CPU = Release|Any CPU
	EndGlobalSection
	GlobalSection(ProjectConfigurationPlatforms) = postSolution
		{50DCF6D6-EB59-4060-96B0-A0ABB3FD3BC6}.Debug|Any CPU.ActiveCfg = Debug|Any CPU
		{50DCF6D6-EB59-4060-96B0-A0ABB3FD3BC6}.Debug|Any CPU.Build.0 = Debug|Any CPU
		{50DCF6D6-EB59-4060-96B0-A0ABB3FD3BC6}.Release|Any CPU.ActiveCfg = Release|Any CPU
		{50DCF6D6-EB59-4060-96B0-A0ABB3FD3BC6}.Release|Any CPU.Build.0 = Release|Any CPU
	EndGlobalSection
	GlobalSection(SolutionProperties) = preSolution
		HideSolutionNode = FALSE
	EndGlobalSection
	GlobalSection(ExtensibilityGlobals) = postSolution
		SolutionGuid = {CD9113D8-B23C-4369-9350-511207BD0453}
	EndGlobalSection
EndGlobal
