
Microsoft Visual Studio Solution File, Format Version 12.00
# Visual Studio Version 17
VisualStudioVersion = 17.13.35825.156 d17.13
MinimumVisualStudioVersion = 10.0.40219.1
Project("{FAE04EC0-301F-11D3-BF4B-00C04F79EFBC}") = "iki boyutlu dizi uyg", "iki boyutlu dizi uyg\iki boyutlu dizi uyg.csproj", "{F77068AD-3BDE-4E9D-BCE9-B70CDF7B0DA0}"
EndProject
Global
	GlobalSection(SolutionConfigurationPlatforms) = preSolution
		Debug|Any CPU = Debug|Any CPU
		Release|Any CPU = Release|Any CPU
	EndGlobalSection
	GlobalSection(ProjectConfigurationPlatforms) = postSolution
		{F77068AD-3BDE-4E9D-BCE9-B70CDF7B0DA0}.Debug|Any CPU.ActiveCfg = Debug|Any CPU
		{F77068AD-3BDE-4E9D-BCE9-B70CDF7B0DA0}.Debug|Any CPU.Build.0 = Debug|Any CPU
		{F77068AD-3BDE-4E9D-BCE9-B70CDF7B0DA0}.Release|Any CPU.ActiveCfg = Release|Any CPU
		{F77068AD-3BDE-4E9D-BCE9-B70CDF7B0DA0}.Release|Any CPU.Build.0 = Release|Any CPU
	EndGlobalSection
	GlobalSection(SolutionProperties) = preSolution
		HideSolutionNode = FALSE
	EndGlobalSection
	GlobalSection(ExtensibilityGlobals) = postSolution
		SolutionGuid = {25DE1D26-0971-49FB-8329-61E858FA46A3}
	EndGlobalSection
EndGlobal
