
Microsoft Visual Studio Solution File, Format Version 12.00
# Visual Studio Version 17
VisualStudioVersion = 17.13.35825.156 d17.13
MinimumVisualStudioVersion = 10.0.40219.1
Project("{FAE04EC0-301F-11D3-BF4B-00C04F79EFBC}") = "ArrayList Uyg", "ArrayList Uyg\ArrayList Uyg.csproj", "{418EDFC9-01F4-40AA-BEF0-0C711D6F962D}"
EndProject
Global
	GlobalSection(SolutionConfigurationPlatforms) = preSolution
		Debug|Any CPU = Debug|Any CPU
		Release|Any CPU = Release|Any CPU
	EndGlobalSection
	GlobalSection(ProjectConfigurationPlatforms) = postSolution
		{418EDFC9-01F4-40AA-BEF0-0C711D6F962D}.Debug|Any CPU.ActiveCfg = Debug|Any CPU
		{418EDFC9-01F4-40AA-BEF0-0C711D6F962D}.Debug|Any CPU.Build.0 = Debug|Any CPU
		{418EDFC9-01F4-40AA-BEF0-0C711D6F962D}.Release|Any CPU.ActiveCfg = Release|Any CPU
		{418EDFC9-01F4-40AA-BEF0-0C711D6F962D}.Release|Any CPU.Build.0 = Release|Any CPU
	EndGlobalSection
	GlobalSection(SolutionProperties) = preSolution
		HideSolutionNode = FALSE
	EndGlobalSection
	GlobalSection(ExtensibilityGlobals) = postSolution
		SolutionGuid = {5DA67549-9B42-4C9D-AC2B-CC6115020316}
	EndGlobalSection
EndGlobal
