
Microsoft Visual Studio Solution File, Format Version 12.00
# Visual Studio Version 16
VisualStudioVersion = 16.0.34407.143
MinimumVisualStudioVersion = 10.0.40219.1
Project("{FAE04EC0-301F-11D3-BF4B-00C04F79EFBC}") = "StackUygulaması", "StackUygulaması\StackUygulaması.csproj", "{572204F4-34EA-425F-AFAC-26CA9021FED1}"
EndProject
Global
	GlobalSection(SolutionConfigurationPlatforms) = preSolution
		Debug|Any CPU = Debug|Any CPU
		Release|Any CPU = Release|Any CPU
	EndGlobalSection
	GlobalSection(ProjectConfigurationPlatforms) = postSolution
		{572204F4-34EA-425F-AFAC-26CA9021FED1}.Debug|Any CPU.ActiveCfg = Debug|Any CPU
		{572204F4-34EA-425F-AFAC-26CA9021FED1}.Debug|Any CPU.Build.0 = Debug|Any CPU
		{572204F4-34EA-425F-AFAC-26CA9021FED1}.Release|Any CPU.ActiveCfg = Release|Any CPU
		{572204F4-34EA-425F-AFAC-26CA9021FED1}.Release|Any CPU.Build.0 = Release|Any CPU
	EndGlobalSection
	GlobalSection(SolutionProperties) = preSolution
		HideSolutionNode = FALSE
	EndGlobalSection
	GlobalSection(ExtensibilityGlobals) = postSolution
		SolutionGuid = {3B4F7B06-0D80-4E6F-AA65-71CBD5BF6B67}
	EndGlobalSection
EndGlobal
